
Microsoft Visual Studio Solution File, Format Version 12.00
# Visual Studio 2013
VisualStudioVersion = 12.0.40629.0
MinimumVisualStudioVersion = 10.0.40219.1
Project("{FAE04EC0-301F-11D3-BF4B-00C04F79EFBC}") = "Template.Web", "Template.Web\Template.Web.csproj", "{FEFDFFF5-56C8-4EBD-8A96-84EF7DC5E1F9}"
EndProject
Project("{FAE04EC0-301F-11D3-BF4B-00C04F79EFBC}") = "Template.Models", "Template.Models\Template.Models.csproj", "{3F3BA426-D40C-49EA-AA4F-A4EF541F7E77}"
EndProject
Project("{FAE04EC0-301F-11D3-BF4B-00C04F79EFBC}") = "Template.Data", "Template.Data\Template.Data.csproj", "{61A4A0A3-8A74-4148-86F5-B24608AE4E77}"
EndProject
Project("{FAE04EC0-301F-11D3-BF4B-00C04F79EFBC}") = "Template.Common", "Template.Common\Template.Common.csproj", "{BE2FB90B-A685-4B08-92E1-9DDBB9F69218}"
EndProject
Global
	GlobalSection(SolutionConfigurationPlatforms) = preSolution
		Debug|Any CPU = Debug|Any CPU
		Release|Any CPU = Release|Any CPU
	EndGlobalSection
	GlobalSection(ProjectConfigurationPlatforms) = postSolution
		{FEFDFFF5-56C8-4EBD-8A96-84EF7DC5E1F9}.Debug|Any CPU.ActiveCfg = Debug|Any CPU
		{FEFDFFF5-56C8-4EBD-8A96-84EF7DC5E1F9}.Debug|Any CPU.Build.0 = Debug|Any CPU
		{FEFDFFF5-56C8-4EBD-8A96-84EF7DC5E1F9}.Release|Any CPU.ActiveCfg = Release|Any CPU
		{FEFDFFF5-56C8-4EBD-8A96-84EF7DC5E1F9}.Release|Any CPU.Build.0 = Release|Any CPU
		{3F3BA426-D40C-49EA-AA4F-A4EF541F7E77}.Debug|Any CPU.ActiveCfg = Debug|Any CPU
		{3F3BA426-D40C-49EA-AA4F-A4EF541F7E77}.Debug|Any CPU.Build.0 = Debug|Any CPU
		{3F3BA426-D40C-49EA-AA4F-A4EF541F7E77}.Release|Any CPU.ActiveCfg = Release|Any CPU
		{3F3BA426-D40C-49EA-AA4F-A4EF541F7E77}.Release|Any CPU.Build.0 = Release|Any CPU
		{61A4A0A3-8A74-4148-86F5-B24608AE4E77}.Debug|Any CPU.ActiveCfg = Debug|Any CPU
		{61A4A0A3-8A74-4148-86F5-B24608AE4E77}.Debug|Any CPU.Build.0 = Debug|Any CPU
		{61A4A0A3-8A74-4148-86F5-B24608AE4E77}.Release|Any CPU.ActiveCfg = Release|Any CPU
		{61A4A0A3-8A74-4148-86F5-B24608AE4E77}.Release|Any CPU.Build.0 = Release|Any CPU
		{BE2FB90B-A685-4B08-92E1-9DDBB9F69218}.Debug|Any CPU.ActiveCfg = Debug|Any CPU
		{BE2FB90B-A685-4B08-92E1-9DDBB9F69218}.Debug|Any CPU.Build.0 = Debug|Any CPU
		{BE2FB90B-A685-4B08-92E1-9DDBB9F69218}.Release|Any CPU.ActiveCfg = Release|Any CPU
		{BE2FB90B-A685-4B08-92E1-9DDBB9F69218}.Release|Any CPU.Build.0 = Release|Any CPU
	EndGlobalSection
	GlobalSection(SolutionProperties) = preSolution
		HideSolutionNode = FALSE
	EndGlobalSection
EndGlobal
